
Microsoft Visual Studio Solution File, Format Version 12.00
# Visual Studio 15
VisualStudioVersion = 15.0.27703.2042
MinimumVisualStudioVersion = 10.0.40219.1
Project("{D954291E-2A0B-460D-934E-DC6B0785DB48}") = "LIP", "LIP\LIP\LIP.shproj", "{AE0F935B-92FA-40C5-82AA-5551C822B88B}"
EndProject
Project("{FAE04EC0-301F-11D3-BF4B-00C04F79EFBC}") = "LIP.Android", "LIP\LIP.Android\LIP.Android.csproj", "{454C81C6-25DA-4674-8F1F-BB8C1118378E}"
EndProject
Global
	GlobalSection(SharedMSBuildProjectFiles) = preSolution
		LIP\LIP\LIP.projitems*{454c81c6-25da-4674-8f1f-bb8c1118378e}*SharedItemsImports = 4
		LIP\LIP\LIP.projitems*{ae0f935b-92fa-40c5-82aa-5551c822b88b}*SharedItemsImports = 13
	EndGlobalSection
	GlobalSection(SolutionConfigurationPlatforms) = preSolution
		Ad-Hoc|Any CPU = Ad-Hoc|Any CPU
		Ad-Hoc|ARM = Ad-Hoc|ARM
		Ad-Hoc|iPhone = Ad-Hoc|iPhone
		Ad-Hoc|iPhoneSimulator = Ad-Hoc|iPhoneSimulator
		Ad-Hoc|x64 = Ad-Hoc|x64
		Ad-Hoc|x86 = Ad-Hoc|x86
		AppStore|Any CPU = AppStore|Any CPU
		AppStore|ARM = AppStore|ARM
		AppStore|iPhone = AppStore|iPhone
		AppStore|iPhoneSimulator = AppStore|iPhoneSimulator
		AppStore|x64 = AppStore|x64
		AppStore|x86 = AppStore|x86
		Debug|Any CPU = Debug|Any CPU
		Debug|ARM = Debug|ARM
		Debug|iPhone = Debug|iPhone
		Debug|iPhoneSimulator = Debug|iPhoneSimulator
		Debug|x64 = Debug|x64
		Debug|x86 = Debug|x86
		Release|Any CPU = Release|Any CPU
		Release|ARM = Release|ARM
		Release|iPhone = Release|iPhone
		Release|iPhoneSimulator = Release|iPhoneSimulator
		Release|x64 = Release|x64
		Release|x86 = Release|x86
	EndGlobalSection
	GlobalSection(ProjectConfigurationPlatforms) = postSolution
		{454C81C6-25DA-4674-8F1F-BB8C1118378E}.Ad-Hoc|Any CPU.ActiveCfg = Release|Any CPU
		{454C81C6-25DA-4674-8F1F-BB8C1118378E}.Ad-Hoc|Any CPU.Build.0 = Release|Any CPU
		{454C81C6-25DA-4674-8F1F-BB8C1118378E}.Ad-Hoc|Any CPU.Deploy.0 = Release|Any CPU
		{454C81C6-25DA-4674-8F1F-BB8C1118378E}.Ad-Hoc|ARM.ActiveCfg = Release|Any CPU
		{454C81C6-25DA-4674-8F1F-BB8C1118378E}.Ad-Hoc|ARM.Build.0 = Release|Any CPU
		{454C81C6-25DA-4674-8F1F-BB8C1118378E}.Ad-Hoc|ARM.Deploy.0 = Release|Any CPU
		{454C81C6-25DA-4674-8F1F-BB8C1118378E}.Ad-Hoc|iPhone.ActiveCfg = Release|Any CPU
		{454C81C6-25DA-4674-8F1F-BB8C1118378E}.Ad-Hoc|iPhone.Build.0 = Release|Any CPU
		{454C81C6-25DA-4674-8F1F-BB8C1118378E}.Ad-Hoc|iPhone.Deploy.0 = Release|Any CPU
		{454C81C6-25DA-4674-8F1F-BB8C1118378E}.Ad-Hoc|iPhoneSimulator.ActiveCfg = Release|Any CPU
		{454C81C6-25DA-4674-8F1F-BB8C1118378E}.Ad-Hoc|iPhoneSimulator.Build.0 = Release|Any CPU
		{454C81C6-25DA-4674-8F1F-BB8C1118378E}.Ad-Hoc|iPhoneSimulator.Deploy.0 = Release|Any CPU
		{454C81C6-25DA-4674-8F1F-BB8C1118378E}.Ad-Hoc|x64.ActiveCfg = Release|Any CPU
		{454C81C6-25DA-4674-8F1F-BB8C1118378E}.Ad-Hoc|x64.Build.0 = Release|Any CPU
		{454C81C6-25DA-4674-8F1F-BB8C1118378E}.Ad-Hoc|x64.Deploy.0 = Release|Any CPU
		{454C81C6-25DA-4674-8F1F-BB8C1118378E}.Ad-Hoc|x86.ActiveCfg = Release|Any CPU
		{454C81C6-25DA-4674-8F1F-BB8C1118378E}.Ad-Hoc|x86.Build.0 = Release|Any CPU
		{454C81C6-25DA-4674-8F1F-BB8C1118378E}.Ad-Hoc|x86.Deploy.0 = Release|Any CPU
		{454C81C6-25DA-4674-8F1F-BB8C1118378E}.AppStore|Any CPU.ActiveCfg = Release|Any CPU
		{454C81C6-25DA-4674-8F1F-BB8C1118378E}.AppStore|Any CPU.Build.0 = Release|Any CPU
		{454C81C6-25DA-4674-8F1F-BB8C1118378E}.AppStore|Any CPU.Deploy.0 = Release|Any CPU
		{454C81C6-25DA-4674-8F1F-BB8C1118378E}.AppStore|ARM.ActiveCfg = Release|Any CPU
		{454C81C6-25DA-4674-8F1F-BB8C1118378E}.AppStore|ARM.Build.0 = Release|Any CPU
		{454C81C6-25DA-4674-8F1F-BB8C1118378E}.AppStore|ARM.Deploy.0 = Release|Any CPU
		{454C81C6-25DA-4674-8F1F-BB8C1118378E}.AppStore|iPhone.ActiveCfg = Release|Any CPU
		{454C81C6-25DA-4674-8F1F-BB8C1118378E}.AppStore|iPhone.Build.0 = Release|Any CPU
		{454C81C6-25DA-4674-8F1F-BB8C1118378E}.AppStore|iPhone.Deploy.0 = Release|Any CPU
		{454C81C6-25DA-4674-8F1F-BB8C1118378E}.AppStore|iPhoneSimulator.ActiveCfg = Release|Any CPU
		{454C81C6-25DA-4674-8F1F-BB8C1118378E}.AppStore|iPhoneSimulator.Build.0 = Release|Any CPU
		{454C81C6-25DA-4674-8F1F-BB8C1118378E}.AppStore|iPhoneSimulator.Deploy.0 = Release|Any CPU
		{454C81C6-25DA-4674-8F1F-BB8C1118378E}.AppStore|x64.ActiveCfg = Release|Any CPU
		{454C81C6-25DA-4674-8F1F-BB8C1118378E}.AppStore|x64.Build.0 = Release|Any CPU
		{454C81C6-25DA-4674-8F1F-BB8C1118378E}.AppStore|x64.Deploy.0 = Release|Any CPU
		{454C81C6-25DA-4674-8F1F-BB8C1118378E}.AppStore|x86.ActiveCfg = Release|Any CPU
		{454C81C6-25DA-4674-8F1F-BB8C1118378E}.AppStore|x86.Build.0 = Release|Any CPU
		{454C81C6-25DA-4674-8F1F-BB8C1118378E}.AppStore|x86.Deploy.0 = Release|Any CPU
		{454C81C6-25DA-4674-8F1F-BB8C1118378E}.Debug|Any CPU.ActiveCfg = Debug|Any CPU
		{454C81C6-25DA-4674-8F1F-BB8C1118378E}.Debug|Any CPU.Build.0 = Debug|Any CPU
		{454C81C6-25DA-4674-8F1F-BB8C1118378E}.Debug|Any CPU.Deploy.0 = Debug|Any CPU
		{454C81C6-25DA-4674-8F1F-BB8C1118378E}.Debug|ARM.ActiveCfg = Debug|Any CPU
		{454C81C6-25DA-4674-8F1F-BB8C1118378E}.Debug|ARM.Build.0 = Debug|Any CPU
		{454C81C6-25DA-4674-8F1F-BB8C1118378E}.Debug|ARM.Deploy.0 = Debug|Any CPU
		{454C81C6-25DA-4674-8F1F-BB8C1118378E}.Debug|iPhone.ActiveCfg = Debug|Any CPU
		{454C81C6-25DA-4674-8F1F-BB8C1118378E}.Debug|iPhone.Build.0 = Debug|Any CPU
		{454C81C6-25DA-4674-8F1F-BB8C1118378E}.Debug|iPhone.Deploy.0 = Debug|Any CPU
		{454C81C6-25DA-4674-8F1F-BB8C1118378E}.Debug|iPhoneSimulator.ActiveCfg = Debug|Any CPU
		{454C81C6-25DA-4674-8F1F-BB8C1118378E}.Debug|iPhoneSimulator.Build.0 = Debug|Any CPU
		{454C81C6-25DA-4674-8F1F-BB8C1118378E}.Debug|iPhoneSimulator.Deploy.0 = Debug|Any CPU
		{454C81C6-25DA-4674-8F1F-BB8C1118378E}.Debug|x64.ActiveCfg = Debug|Any CPU
		{454C81C6-25DA-4674-8F1F-BB8C1118378E}.Debug|x64.Build.0 = Debug|Any CPU
		{454C81C6-25DA-4674-8F1F-BB8C1118378E}.Debug|x64.Deploy.0 = Debug|Any CPU
		{454C81C6-25DA-4674-8F1F-BB8C1118378E}.Debug|x86.ActiveCfg = Debug|Any CPU
		{454C81C6-25DA-4674-8F1F-BB8C1118378E}.Debug|x86.Build.0 = Debug|Any CPU
		{454C81C6-25DA-4674-8F1F-BB8C1118378E}.Debug|x86.Deploy.0 = Debug|Any CPU
		{454C81C6-25DA-4674-8F1F-BB8C1118378E}.Release|Any CPU.ActiveCfg = Release|Any CPU
		{454C81C6-25DA-4674-8F1F-BB8C1118378E}.Release|Any CPU.Build.0 = Release|Any CPU
		{454C81C6-25DA-4674-8F1F-BB8C1118378E}.Release|Any CPU.Deploy.0 = Release|Any CPU
		{454C81C6-25DA-4674-8F1F-BB8C1118378E}.Release|ARM.ActiveCfg = Release|Any CPU
		{454C81C6-25DA-4674-8F1F-BB8C1118378E}.Release|ARM.Build.0 = Release|Any CPU
		{454C81C6-25DA-4674-8F1F-BB8C1118378E}.Release|ARM.Deploy.0 = Release|Any CPU
		{454C81C6-25DA-4674-8F1F-BB8C1118378E}.Release|iPhone.ActiveCfg = Release|Any CPU
		{454C81C6-25DA-4674-8F1F-BB8C1118378E}.Release|iPhone.Build.0 = Release|Any CPU
		{454C81C6-25DA-4674-8F1F-BB8C1118378E}.Release|iPhone.Deploy.0 = Release|Any CPU
		{454C81C6-25DA-4674-8F1F-BB8C1118378E}.Release|iPhoneSimulator.ActiveCfg = Release|Any CPU
		{454C81C6-25DA-4674-8F1F-BB8C1118378E}.Release|iPhoneSimulator.Build.0 = Release|Any CPU
		{454C81C6-25DA-4674-8F1F-BB8C1118378E}.Release|iPhoneSimulator.Deploy.0 = Release|Any CPU
		{454C81C6-25DA-4674-8F1F-BB8C1118378E}.Release|x64.ActiveCfg = Release|Any CPU
		{454C81C6-25DA-4674-8F1F-BB8C1118378E}.Release|x64.Build.0 = Release|Any CPU
		{454C81C6-25DA-4674-8F1F-BB8C1118378E}.Release|x64.Deploy.0 = Release|Any CPU
		{454C81C6-25DA-4674-8F1F-BB8C1118378E}.Release|x86.ActiveCfg = Release|Any CPU
		{454C81C6-25DA-4674-8F1F-BB8C1118378E}.Release|x86.Build.0 = Release|Any CPU
		{454C81C6-25DA-4674-8F1F-BB8C1118378E}.Release|x86.Deploy.0 = Release|Any CPU
	EndGlobalSection
	GlobalSection(SolutionProperties) = preSolution
		HideSolutionNode = FALSE
	EndGlobalSection
	GlobalSection(ExtensibilityGlobals) = postSolution
		SolutionGuid = {44C9498C-8BB7-4B60-8C9B-FA73F4277163}
	EndGlobalSection
EndGlobal
